
Microsoft Visual Studio Solution File, Format Version 12.00
# Visual Studio 14
VisualStudioVersion = 14.0.25420.1
MinimumVisualStudioVersion = 10.0.40219.1
Project("{FAE04EC0-301F-11D3-BF4B-00C04F79EFBC}") = "StudentSystem_CodeFirst", "StudentSystem_CodeFirst\StudentSystem_CodeFirst.csproj", "{93415293-C138-4160-9F39-4D71A2F47982}"
EndProject
Project("{FAE04EC0-301F-11D3-BF4B-00C04F79EFBC}") = "StudentSystem.Data", "StudentSystem.Data\StudentSystem.Data.csproj", "{D663638D-19F8-4BCF-8DF7-54BB8465DC90}"
EndProject
Project("{FAE04EC0-301F-11D3-BF4B-00C04F79EFBC}") = "StudentSystem.Models", "StudentSystem.Models\StudentSystem.Models.csproj", "{D84AF8AB-A280-44F3-9E98-41329775DDE8}"
EndProject
Global
	GlobalSection(SolutionConfigurationPlatforms) = preSolution
		Debug|Any CPU = Debug|Any CPU
		Release|Any CPU = Release|Any CPU
	EndGlobalSection
	GlobalSection(ProjectConfigurationPlatforms) = postSolution
		{93415293-C138-4160-9F39-4D71A2F47982}.Debug|Any CPU.ActiveCfg = Debug|Any CPU
		{93415293-C138-4160-9F39-4D71A2F47982}.Debug|Any CPU.Build.0 = Debug|Any CPU
		{93415293-C138-4160-9F39-4D71A2F47982}.Release|Any CPU.ActiveCfg = Release|Any CPU
		{93415293-C138-4160-9F39-4D71A2F47982}.Release|Any CPU.Build.0 = Release|Any CPU
		{D663638D-19F8-4BCF-8DF7-54BB8465DC90}.Debug|Any CPU.ActiveCfg = Debug|Any CPU
		{D663638D-19F8-4BCF-8DF7-54BB8465DC90}.Debug|Any CPU.Build.0 = Debug|Any CPU
		{D663638D-19F8-4BCF-8DF7-54BB8465DC90}.Release|Any CPU.ActiveCfg = Release|Any CPU
		{D663638D-19F8-4BCF-8DF7-54BB8465DC90}.Release|Any CPU.Build.0 = Release|Any CPU
		{D84AF8AB-A280-44F3-9E98-41329775DDE8}.Debug|Any CPU.ActiveCfg = Debug|Any CPU
		{D84AF8AB-A280-44F3-9E98-41329775DDE8}.Debug|Any CPU.Build.0 = Debug|Any CPU
		{D84AF8AB-A280-44F3-9E98-41329775DDE8}.Release|Any CPU.ActiveCfg = Release|Any CPU
		{D84AF8AB-A280-44F3-9E98-41329775DDE8}.Release|Any CPU.Build.0 = Release|Any CPU
	EndGlobalSection
	GlobalSection(SolutionProperties) = preSolution
		HideSolutionNode = FALSE
	EndGlobalSection
EndGlobal
