
Microsoft Visual Studio Solution File, Format Version 12.00
# Visual Studio 2013
VisualStudioVersion = 12.0.31101.0
MinimumVisualStudioVersion = 10.0.40219.1
Project("{FAE04EC0-301F-11D3-BF4B-00C04F79EFBC}") = "DossierSystem.Models", "DossierSystem.Models\DossierSystem.Models.csproj", "{9CD894A3-8EB7-484F-8294-9C90D74481E6}"
EndProject
Project("{FAE04EC0-301F-11D3-BF4B-00C04F79EFBC}") = "DossierSystem.Data", "DossierSystem.Data\DossierSystem.Data.csproj", "{F03229B4-2E32-4EF6-A550-4E8DC4FBCCC7}"
EndProject
Global
	GlobalSection(SolutionConfigurationPlatforms) = preSolution
		Debug|Any CPU = Debug|Any CPU
		Release|Any CPU = Release|Any CPU
	EndGlobalSection
	GlobalSection(ProjectConfigurationPlatforms) = postSolution
		{9CD894A3-8EB7-484F-8294-9C90D74481E6}.Debug|Any CPU.ActiveCfg = Debug|Any CPU
		{9CD894A3-8EB7-484F-8294-9C90D74481E6}.Debug|Any CPU.Build.0 = Debug|Any CPU
		{9CD894A3-8EB7-484F-8294-9C90D74481E6}.Release|Any CPU.ActiveCfg = Release|Any CPU
		{9CD894A3-8EB7-484F-8294-9C90D74481E6}.Release|Any CPU.Build.0 = Release|Any CPU
		{F03229B4-2E32-4EF6-A550-4E8DC4FBCCC7}.Debug|Any CPU.ActiveCfg = Debug|Any CPU
		{F03229B4-2E32-4EF6-A550-4E8DC4FBCCC7}.Debug|Any CPU.Build.0 = Debug|Any CPU
		{F03229B4-2E32-4EF6-A550-4E8DC4FBCCC7}.Release|Any CPU.ActiveCfg = Release|Any CPU
		{F03229B4-2E32-4EF6-A550-4E8DC4FBCCC7}.Release|Any CPU.Build.0 = Release|Any CPU
	EndGlobalSection
	GlobalSection(SolutionProperties) = preSolution
		HideSolutionNode = FALSE
	EndGlobalSection
EndGlobal
