
Microsoft Visual Studio Solution File, Format Version 12.00
# Visual Studio 14
VisualStudioVersion = 14.0.25420.1
MinimumVisualStudioVersion = 10.0.40219.1
Project("{FAE04EC0-301F-11D3-BF4B-00C04F79EFBC}") = "MassDefect.Models", "MassDefect.Models\MassDefect.Models.csproj", "{09BAFA57-4966-4BA3-895E-73CB996A9191}"
EndProject
Project("{FAE04EC0-301F-11D3-BF4B-00C04F79EFBC}") = "MassDefect.Data", "MassDefect.Data\MassDefect.Data.csproj", "{5FB67875-522C-4B0C-B8FE-2130FE73304B}"
EndProject
Project("{FAE04EC0-301F-11D3-BF4B-00C04F79EFBC}") = "02.ImportDataFromJSON", "02.ImportDataFromJSON\02.ImportDataFromJSON.csproj", "{FE56975E-5D8A-41CF-8742-79AE6400913E}"
EndProject
Project("{FAE04EC0-301F-11D3-BF4B-00C04F79EFBC}") = "03.ImportAnomaliesFromXML", "03.ImportAnomaliesFromXML\03.ImportAnomaliesFromXML.csproj", "{3ACDAB49-3896-4752-9E8B-035308FA67DE}"
EndProject
Project("{FAE04EC0-301F-11D3-BF4B-00C04F79EFBC}") = "04.ExportToJson", "04.ExportToJson\04.ExportToJson.csproj", "{D12FC608-8088-4F89-874C-9CFC450AE4B1}"
EndProject
Project("{FAE04EC0-301F-11D3-BF4B-00C04F79EFBC}") = "05.ExportToXml", "05.ExportToXml\05.ExportToXml.csproj", "{C15946EE-2456-426B-8DFE-EF840C1AB57B}"
EndProject
Global
	GlobalSection(SolutionConfigurationPlatforms) = preSolution
		Debug|Any CPU = Debug|Any CPU
		Release|Any CPU = Release|Any CPU
	EndGlobalSection
	GlobalSection(ProjectConfigurationPlatforms) = postSolution
		{09BAFA57-4966-4BA3-895E-73CB996A9191}.Debug|Any CPU.ActiveCfg = Debug|Any CPU
		{09BAFA57-4966-4BA3-895E-73CB996A9191}.Debug|Any CPU.Build.0 = Debug|Any CPU
		{09BAFA57-4966-4BA3-895E-73CB996A9191}.Release|Any CPU.ActiveCfg = Release|Any CPU
		{09BAFA57-4966-4BA3-895E-73CB996A9191}.Release|Any CPU.Build.0 = Release|Any CPU
		{5FB67875-522C-4B0C-B8FE-2130FE73304B}.Debug|Any CPU.ActiveCfg = Debug|Any CPU
		{5FB67875-522C-4B0C-B8FE-2130FE73304B}.Debug|Any CPU.Build.0 = Debug|Any CPU
		{5FB67875-522C-4B0C-B8FE-2130FE73304B}.Release|Any CPU.ActiveCfg = Release|Any CPU
		{5FB67875-522C-4B0C-B8FE-2130FE73304B}.Release|Any CPU.Build.0 = Release|Any CPU
		{FE56975E-5D8A-41CF-8742-79AE6400913E}.Debug|Any CPU.ActiveCfg = Debug|Any CPU
		{FE56975E-5D8A-41CF-8742-79AE6400913E}.Debug|Any CPU.Build.0 = Debug|Any CPU
		{FE56975E-5D8A-41CF-8742-79AE6400913E}.Release|Any CPU.ActiveCfg = Release|Any CPU
		{FE56975E-5D8A-41CF-8742-79AE6400913E}.Release|Any CPU.Build.0 = Release|Any CPU
		{3ACDAB49-3896-4752-9E8B-035308FA67DE}.Debug|Any CPU.ActiveCfg = Debug|Any CPU
		{3ACDAB49-3896-4752-9E8B-035308FA67DE}.Debug|Any CPU.Build.0 = Debug|Any CPU
		{3ACDAB49-3896-4752-9E8B-035308FA67DE}.Release|Any CPU.ActiveCfg = Release|Any CPU
		{3ACDAB49-3896-4752-9E8B-035308FA67DE}.Release|Any CPU.Build.0 = Release|Any CPU
		{D12FC608-8088-4F89-874C-9CFC450AE4B1}.Debug|Any CPU.ActiveCfg = Debug|Any CPU
		{D12FC608-8088-4F89-874C-9CFC450AE4B1}.Debug|Any CPU.Build.0 = Debug|Any CPU
		{D12FC608-8088-4F89-874C-9CFC450AE4B1}.Release|Any CPU.ActiveCfg = Release|Any CPU
		{D12FC608-8088-4F89-874C-9CFC450AE4B1}.Release|Any CPU.Build.0 = Release|Any CPU
		{C15946EE-2456-426B-8DFE-EF840C1AB57B}.Debug|Any CPU.ActiveCfg = Debug|Any CPU
		{C15946EE-2456-426B-8DFE-EF840C1AB57B}.Debug|Any CPU.Build.0 = Debug|Any CPU
		{C15946EE-2456-426B-8DFE-EF840C1AB57B}.Release|Any CPU.ActiveCfg = Release|Any CPU
		{C15946EE-2456-426B-8DFE-EF840C1AB57B}.Release|Any CPU.Build.0 = Release|Any CPU
	EndGlobalSection
	GlobalSection(SolutionProperties) = preSolution
		HideSolutionNode = FALSE
	EndGlobalSection
EndGlobal
