
Microsoft Visual Studio Solution File, Format Version 12.00
# Visual Studio 14
VisualStudioVersion = 14.0.25420.1
MinimumVisualStudioVersion = 10.0.40219.1
Project("{FAE04EC0-301F-11D3-BF4B-00C04F79EFBC}") = "Photography.DatabaseFirst", "Photography.DatabaseFirst\Photography.DatabaseFirst.csproj", "{F089188C-BFBF-4788-91FF-AEFA8F480BEA}"
EndProject
Project("{FAE04EC0-301F-11D3-BF4B-00C04F79EFBC}") = "Photography.ExportJson", "Photography.ExportJson\Photography.ExportJson.csproj", "{F33B8387-2671-4D45-989F-306475528A84}"
EndProject
Project("{FAE04EC0-301F-11D3-BF4B-00C04F79EFBC}") = "Photography.ImportXml", "Photography.ImportXml\Photography.ImportXml.csproj", "{057C723E-EB20-4BAA-B760-B05697056C20}"
EndProject
Global
	GlobalSection(SolutionConfigurationPlatforms) = preSolution
		Debug|Any CPU = Debug|Any CPU
		Release|Any CPU = Release|Any CPU
	EndGlobalSection
	GlobalSection(ProjectConfigurationPlatforms) = postSolution
		{F089188C-BFBF-4788-91FF-AEFA8F480BEA}.Debug|Any CPU.ActiveCfg = Debug|Any CPU
		{F089188C-BFBF-4788-91FF-AEFA8F480BEA}.Debug|Any CPU.Build.0 = Debug|Any CPU
		{F089188C-BFBF-4788-91FF-AEFA8F480BEA}.Release|Any CPU.ActiveCfg = Release|Any CPU
		{F089188C-BFBF-4788-91FF-AEFA8F480BEA}.Release|Any CPU.Build.0 = Release|Any CPU
		{F33B8387-2671-4D45-989F-306475528A84}.Debug|Any CPU.ActiveCfg = Debug|Any CPU
		{F33B8387-2671-4D45-989F-306475528A84}.Debug|Any CPU.Build.0 = Debug|Any CPU
		{F33B8387-2671-4D45-989F-306475528A84}.Release|Any CPU.ActiveCfg = Release|Any CPU
		{F33B8387-2671-4D45-989F-306475528A84}.Release|Any CPU.Build.0 = Release|Any CPU
		{057C723E-EB20-4BAA-B760-B05697056C20}.Debug|Any CPU.ActiveCfg = Debug|Any CPU
		{057C723E-EB20-4BAA-B760-B05697056C20}.Debug|Any CPU.Build.0 = Debug|Any CPU
		{057C723E-EB20-4BAA-B760-B05697056C20}.Release|Any CPU.ActiveCfg = Release|Any CPU
		{057C723E-EB20-4BAA-B760-B05697056C20}.Release|Any CPU.Build.0 = Release|Any CPU
	EndGlobalSection
	GlobalSection(SolutionProperties) = preSolution
		HideSolutionNode = FALSE
	EndGlobalSection
EndGlobal
